hash: 5cc92d85da07d71e7e9ec050eabbad5cee57386111f36a9e518e81698cfcc36e
updated: 2018-10-28T22:14:09.057125795-06:00
imports:
- name: github.com/golang/protobuf
  version: d3de96c4c28ef8af3aa1a892fc481e0f103c01ff
  subpackages:
  - proto
- name: github.com/zmb3/spotify
  version: a4bd83f60e06ab58f3516c61680d0532aabf470e
- name: golang.org/x/net
  version: 9b4f9f5ad5197c79fd623a3638e70d8b26cef344
  subpackages:
  - context
  - context/ctxhttp
  - html
  - html/atom
  - html/charset
- name: golang.org/x/oauth2
  version: 9dcd33a902f40452422c2367fefcb95b54f9f8f8
  subpackages:
  - internal
- name: google.golang.org/appengine
  version: ae0ab99deb4dc413a2b4bd6c8bdd0eb67f1e4d06
  subpackages:
  - internal
  - internal/base
  - internal/datastore
  - internal/log
  - internal/remote_api
  - internal/urlfetch
  - urlfetch
testImports:
- name: github.com/hpcloud/tail
  version: a1dbeea552b7c8df4b542c66073e393de198a800
  subpackages:
  - ratelimiter
  - util
  - watch
  - winfile
- name: github.com/onsi/ginkgo
  version: 3774a09d95489ccaa16032e0770d08ea77ba6184
  subpackages:
  - config
  - internal/codelocation
  - internal/containernode
  - internal/failer
  - internal/leafnodes
  - internal/remote
  - internal/spec
  - internal/spec_iterator
  - internal/specrunner
  - internal/suite
  - internal/testingtproxy
  - internal/writer
  - reporters
  - reporters/stenographer
  - reporters/stenographer/support/go-colorable
  - reporters/stenographer/support/go-isatty
  - types
- name: github.com/onsi/gomega
  version: 7615b9433f86a8bdf29709bf288bc4fd0636a369
  subpackages:
  - format
  - internal/assertion
  - internal/asyncassertion
  - internal/oraclematcher
  - internal/testingtsupport
  - matchers
  - matchers/support/goraph/bipartitegraph
  - matchers/support/goraph/edge
  - matchers/support/goraph/node
  - matchers/support/goraph/util
  - types
- name: golang.org/x/sys
  version: 95b1ffbd15a57cc5abb3f04402b9e8ec0016a52c
  subpackages:
  - unix
- name: golang.org/x/text
  version: 4d1c5fb19474adfe9562c9847ba425e7da817e81
  subpackages:
  - encoding
  - encoding/charmap
  - encoding/htmlindex
  - encoding/internal
  - encoding/internal/identifier
  - encoding/japanese
  - encoding/korean
  - encoding/simplifiedchinese
  - encoding/traditionalchinese
  - encoding/unicode
  - internal/language
  - internal/language/compact
  - internal/tag
  - internal/utf8internal
  - language
  - runes
  - transform
- name: gopkg.in/fsnotify/fsnotify.v1
  version: c2828203cd70a50dcccfb2761f8b1f8ceef9a8e9
- name: gopkg.in/tomb.v1
  version: c131134a1947e9afd9cecfe11f4c6dff0732ae58
- name: gopkg.in/yaml.v2
  version: 5420a8b6744d3b0345ab293f6fcba19c978f1183
